
Microsoft Visual Studio Solution File, Format Version 12.00
# Visual Studio Version 16
VisualStudioVersion = 16.0.31729.503
MinimumVisualStudioVersion = 10.0.40219.1
Project("{FAE04EC0-301F-11D3-BF4B-00C04F79EFBC}") = "BranchCreator", "BranchCreator\BranchCreator.csproj", "{94BDE2EA-C5C0-4E82-AE97-54F5565A163C}"
EndProject
Global
	GlobalSection(SolutionConfigurationPlatforms) = preSolution
		Debug|Any CPU = Debug|Any CPU
		Release|Any CPU = Release|Any CPU
	EndGlobalSection
	GlobalSection(ProjectConfigurationPlatforms) = postSolution
		{94BDE2EA-C5C0-4E82-AE97-54F5565A163C}.Debug|Any CPU.ActiveCfg = Debug|Any CPU
		{94BDE2EA-C5C0-4E82-AE97-54F5565A163C}.Debug|Any CPU.Build.0 = Debug|Any CPU
		{94BDE2EA-C5C0-4E82-AE97-54F5565A163C}.Release|Any CPU.ActiveCfg = Release|Any CPU
		{94BDE2EA-C5C0-4E82-AE97-54F5565A163C}.Release|Any CPU.Build.0 = Release|Any CPU
	EndGlobalSection
	GlobalSection(SolutionProperties) = preSolution
		HideSolutionNode = FALSE
	EndGlobalSection
	GlobalSection(ExtensibilityGlobals) = postSolution
		SolutionGuid = {5F956591-4A1F-46FB-97EA-1883DC290D34}
	EndGlobalSection
EndGlobal
